
Microsoft Visual Studio Solution File, Format Version 12.00
# Visual Studio 15
VisualStudioVersion = 15.0.27130.2027
MinimumVisualStudioVersion = 10.0.40219.1
Project("{2150E333-8FDC-42A3-9474-1A3956D46DE8}") = "src", "src", "{7894F9E8-594E-46E5-A05D-C60A4E5C0EDB}"
EndProject
Project("{2150E333-8FDC-42A3-9474-1A3956D46DE8}") = "Solution Items", "Solution Items", "{4FF508FB-2F34-4F1E-9C44-505C5926C7B9}"
	ProjectSection(SolutionItems) = preProject
		.gitattributes = .gitattributes
		.gitignore = .gitignore
		.travis.yml = .travis.yml
		LICENSE = LICENSE
		README.md = README.md
	EndProjectSection
EndProject
Project("{2150E333-8FDC-42A3-9474-1A3956D46DE8}") = "tests", "tests", "{C66D8B82-1EEE-400A-BF21-25B6C7E35405}"
EndProject
Project("{2150E333-8FDC-42A3-9474-1A3956D46DE8}") = "Extensions", "Extensions", "{C57FC224-AEBD-4F0C-985D-060868CA8073}"
EndProject
Project("{2150E333-8FDC-42A3-9474-1A3956D46DE8}") = "Extensions", "Extensions", "{E124EA4B-5E7A-4674-8D44-CBB763B2350E}"
EndProject
Project("{2150E333-8FDC-42A3-9474-1A3956D46DE8}") = "Build", "Build", "{AC49A9B4-64D4-434E-8B26-CF3AF261ED02}"
	ProjectSection(SolutionItems) = preProject
		NugetCreate.ps1 = NugetCreate.ps1
	EndProjectSection
EndProject
Project("{9A19103F-16F7-4668-BE54-9A1E7A4F7556}") = "GoodREST.Middleware", "src\GoodREST.Middleware\GoodREST.Middleware.csproj", "{0804CFBF-0E47-4DB4-BEDF-C5CD2DE083F3}"
EndProject
Project("{9A19103F-16F7-4668-BE54-9A1E7A4F7556}") = "GoodREST.Core.Test.DataModel", "test\GoodREST.Core.Test.DataModel\GoodREST.Core.Test.DataModel.csproj", "{20797162-4648-46C1-8849-33B98E95DF4C}"
EndProject
Project("{9A19103F-16F7-4668-BE54-9A1E7A4F7556}") = "GoodREST.Core.Test.Services", "test\GoodREST.Core.Test.Services\GoodREST.Core.Test.Services.csproj", "{29A8E64F-C740-43C3-8E15-4C74512D3463}"
EndProject
Project("{9A19103F-16F7-4668-BE54-9A1E7A4F7556}") = "GoodREST.Core.Tests", "test\GoodREST.Core.Tests\GoodREST.Core.Tests.csproj", "{6E633714-9F56-46F2-99CC-C09B52C24474}"
EndProject
Project("{9A19103F-16F7-4668-BE54-9A1E7A4F7556}") = "GoodREST.Core.Web", "test\GoodREST.Core.Web\GoodREST.Core.Web.csproj", "{B98F6648-B820-45A1-A3A5-9C8DE26FBB40}"
EndProject
Project("{9A19103F-16F7-4668-BE54-9A1E7A4F7556}") = "GoodREST.Extensions.SwaggerExtension.Tests", "test\Extensions\GoodREST.Extensions.SwaggerExtension.Tests\GoodREST.Extensions.SwaggerExtension.Tests.csproj", "{2E071AF3-2B2F-4DF5-960B-71203C97C001}"
EndProject
Project("{9A19103F-16F7-4668-BE54-9A1E7A4F7556}") = "GoodREST.Extensions.SwaggerExtension", "src\Extensions\GoodREST.Extensions.SwaggerExtension\GoodREST.Extensions.SwaggerExtension.csproj", "{3718ADAB-C726-4049-885B-20636D0FD5BE}"
EndProject
Project("{9A19103F-16F7-4668-BE54-9A1E7A4F7556}") = "GoodREST", "src\GoodREST\GoodREST.csproj", "{975D2A06-6C06-4024-8F76-B6D10FC7F7B6}"
EndProject
Global
	GlobalSection(SolutionConfigurationPlatforms) = preSolution
		Debug|Any CPU = Debug|Any CPU
		Release|Any CPU = Release|Any CPU
	EndGlobalSection
	GlobalSection(ProjectConfigurationPlatforms) = postSolution
		{0804CFBF-0E47-4DB4-BEDF-C5CD2DE083F3}.Debug|Any CPU.ActiveCfg = Debug|Any CPU
		{0804CFBF-0E47-4DB4-BEDF-C5CD2DE083F3}.Debug|Any CPU.Build.0 = Debug|Any CPU
		{0804CFBF-0E47-4DB4-BEDF-C5CD2DE083F3}.Release|Any CPU.ActiveCfg = Release|Any CPU
		{0804CFBF-0E47-4DB4-BEDF-C5CD2DE083F3}.Release|Any CPU.Build.0 = Release|Any CPU
		{20797162-4648-46C1-8849-33B98E95DF4C}.Debug|Any CPU.ActiveCfg = Debug|Any CPU
		{20797162-4648-46C1-8849-33B98E95DF4C}.Debug|Any CPU.Build.0 = Debug|Any CPU
		{20797162-4648-46C1-8849-33B98E95DF4C}.Release|Any CPU.ActiveCfg = Release|Any CPU
		{20797162-4648-46C1-8849-33B98E95DF4C}.Release|Any CPU.Build.0 = Release|Any CPU
		{29A8E64F-C740-43C3-8E15-4C74512D3463}.Debug|Any CPU.ActiveCfg = Debug|Any CPU
		{29A8E64F-C740-43C3-8E15-4C74512D3463}.Debug|Any CPU.Build.0 = Debug|Any CPU
		{29A8E64F-C740-43C3-8E15-4C74512D3463}.Release|Any CPU.ActiveCfg = Release|Any CPU
		{29A8E64F-C740-43C3-8E15-4C74512D3463}.Release|Any CPU.Build.0 = Release|Any CPU
		{6E633714-9F56-46F2-99CC-C09B52C24474}.Debug|Any CPU.ActiveCfg = Debug|Any CPU
		{6E633714-9F56-46F2-99CC-C09B52C24474}.Debug|Any CPU.Build.0 = Debug|Any CPU
		{6E633714-9F56-46F2-99CC-C09B52C24474}.Release|Any CPU.ActiveCfg = Release|Any CPU
		{6E633714-9F56-46F2-99CC-C09B52C24474}.Release|Any CPU.Build.0 = Release|Any CPU
		{B98F6648-B820-45A1-A3A5-9C8DE26FBB40}.Debug|Any CPU.ActiveCfg = Debug|Any CPU
		{B98F6648-B820-45A1-A3A5-9C8DE26FBB40}.Debug|Any CPU.Build.0 = Debug|Any CPU
		{B98F6648-B820-45A1-A3A5-9C8DE26FBB40}.Release|Any CPU.ActiveCfg = Release|Any CPU
		{B98F6648-B820-45A1-A3A5-9C8DE26FBB40}.Release|Any CPU.Build.0 = Release|Any CPU
		{2E071AF3-2B2F-4DF5-960B-71203C97C001}.Debug|Any CPU.ActiveCfg = Debug|Any CPU
		{2E071AF3-2B2F-4DF5-960B-71203C97C001}.Debug|Any CPU.Build.0 = Debug|Any CPU
		{2E071AF3-2B2F-4DF5-960B-71203C97C001}.Release|Any CPU.ActiveCfg = Release|Any CPU
		{2E071AF3-2B2F-4DF5-960B-71203C97C001}.Release|Any CPU.Build.0 = Release|Any CPU
		{3718ADAB-C726-4049-885B-20636D0FD5BE}.Debug|Any CPU.ActiveCfg = Debug|Any CPU
		{3718ADAB-C726-4049-885B-20636D0FD5BE}.Debug|Any CPU.Build.0 = Debug|Any CPU
		{3718ADAB-C726-4049-885B-20636D0FD5BE}.Release|Any CPU.ActiveCfg = Release|Any CPU
		{3718ADAB-C726-4049-885B-20636D0FD5BE}.Release|Any CPU.Build.0 = Release|Any CPU
		{975D2A06-6C06-4024-8F76-B6D10FC7F7B6}.Debug|Any CPU.ActiveCfg = Debug|Any CPU
		{975D2A06-6C06-4024-8F76-B6D10FC7F7B6}.Debug|Any CPU.Build.0 = Debug|Any CPU
		{975D2A06-6C06-4024-8F76-B6D10FC7F7B6}.Release|Any CPU.ActiveCfg = Release|Any CPU
		{975D2A06-6C06-4024-8F76-B6D10FC7F7B6}.Release|Any CPU.Build.0 = Release|Any CPU
	EndGlobalSection
	GlobalSection(SolutionProperties) = preSolution
		HideSolutionNode = FALSE
	EndGlobalSection
	GlobalSection(NestedProjects) = preSolution
		{C57FC224-AEBD-4F0C-985D-060868CA8073} = {7894F9E8-594E-46E5-A05D-C60A4E5C0EDB}
		{E124EA4B-5E7A-4674-8D44-CBB763B2350E} = {C66D8B82-1EEE-400A-BF21-25B6C7E35405}
		{0804CFBF-0E47-4DB4-BEDF-C5CD2DE083F3} = {7894F9E8-594E-46E5-A05D-C60A4E5C0EDB}
		{20797162-4648-46C1-8849-33B98E95DF4C} = {C66D8B82-1EEE-400A-BF21-25B6C7E35405}
		{29A8E64F-C740-43C3-8E15-4C74512D3463} = {C66D8B82-1EEE-400A-BF21-25B6C7E35405}
		{6E633714-9F56-46F2-99CC-C09B52C24474} = {C66D8B82-1EEE-400A-BF21-25B6C7E35405}
		{B98F6648-B820-45A1-A3A5-9C8DE26FBB40} = {C66D8B82-1EEE-400A-BF21-25B6C7E35405}
		{2E071AF3-2B2F-4DF5-960B-71203C97C001} = {E124EA4B-5E7A-4674-8D44-CBB763B2350E}
		{3718ADAB-C726-4049-885B-20636D0FD5BE} = {C57FC224-AEBD-4F0C-985D-060868CA8073}
		{975D2A06-6C06-4024-8F76-B6D10FC7F7B6} = {7894F9E8-594E-46E5-A05D-C60A4E5C0EDB}
	EndGlobalSection
	GlobalSection(ExtensibilityGlobals) = postSolution
		SolutionGuid = {5592FFFE-35F9-4D07-A64A-9349D45ECBB9}
	EndGlobalSection
EndGlobal
