
Microsoft Visual Studio Solution File, Format Version 12.00
# Visual Studio 15
VisualStudioVersion = 15.0.26228.9
MinimumVisualStudioVersion = 10.0.40219.1
Project("{2150E333-8FDC-42A3-9474-1A3956D46DE8}") = "src", "src", "{7894F9E8-594E-46E5-A05D-C60A4E5C0EDB}"
EndProject
Project("{2150E333-8FDC-42A3-9474-1A3956D46DE8}") = "Solution Items", "Solution Items", "{4FF508FB-2F34-4F1E-9C44-505C5926C7B9}"
	ProjectSection(SolutionItems) = preProject
		.gitattributes = .gitattributes
		.gitignore = .gitignore
		.travis.yml = .travis.yml
		LICENSE = LICENSE
		README.md = README.md
	EndProjectSection
EndProject
Project("{2150E333-8FDC-42A3-9474-1A3956D46DE8}") = "tests", "tests", "{C66D8B82-1EEE-400A-BF21-25B6C7E35405}"
EndProject
Project("{2150E333-8FDC-42A3-9474-1A3956D46DE8}") = "Extensions", "Extensions", "{C57FC224-AEBD-4F0C-985D-060868CA8073}"
EndProject
Project("{2150E333-8FDC-42A3-9474-1A3956D46DE8}") = "Extensions", "Extensions", "{E124EA4B-5E7A-4674-8D44-CBB763B2350E}"
EndProject
Project("{2150E333-8FDC-42A3-9474-1A3956D46DE8}") = "Build", "Build", "{AC49A9B4-64D4-434E-8B26-CF3AF261ED02}"
	ProjectSection(SolutionItems) = preProject
		NugetCreate.ps1 = NugetCreate.ps1
	EndProjectSection
EndProject
Project("{9A19103F-16F7-4668-BE54-9A1E7A4F7556}") = "Wise.goodREST.Core", "src\Wise.goodREST.Core\Wise.goodREST.Core.csproj", "{AA5539A4-560D-46C5-8459-A32580FCF392}"
EndProject
Project("{9A19103F-16F7-4668-BE54-9A1E7A4F7556}") = "Wise.goodREST.Core.Tests", "test\Wise.goodREST.Core.Tests\Wise.goodREST.Core.Tests.csproj", "{5673835E-970A-43BE-BA41-351222BD5551}"
EndProject
Project("{9A19103F-16F7-4668-BE54-9A1E7A4F7556}") = "Wise.goodREST.Middleware", "src\Wise.goodREST.Middleware\Wise.goodREST.Middleware.csproj", "{DEEB8AB9-13F7-44B6-84D5-C84EF7A8D3D4}"
EndProject
Project("{9A19103F-16F7-4668-BE54-9A1E7A4F7556}") = "Wise.goodREST.Core.Web", "test\Wise.goodREST.Core.Web\Wise.goodREST.Core.Web.csproj", "{B7D503C3-4288-46FE-A7CC-2AA88790225E}"
EndProject
Project("{9A19103F-16F7-4668-BE54-9A1E7A4F7556}") = "Wise.goodREST.Core.Test.DataModel", "test\Wise.goodREST.Core.Test.DataModel\Wise.goodREST.Core.Test.DataModel.csproj", "{7808B14A-09A9-4C2D-99E2-AC7A95ADBF26}"
EndProject
Project("{9A19103F-16F7-4668-BE54-9A1E7A4F7556}") = "Wise.goodREST.Core.Test.Services", "test\Wise.goodREST.Core.Test.Services\Wise.goodREST.Core.Test.Services.csproj", "{1A067C0E-7242-422D-8654-AA7EB924608C}"
EndProject
Project("{9A19103F-16F7-4668-BE54-9A1E7A4F7556}") = "Wise.goodREST.Extensions.SwaggerExtension", "src\Extensions\Wise.goodREST.Extensions.SwaggerExtension\Wise.goodREST.Extensions.SwaggerExtension.csproj", "{F5B0A533-46A1-4702-8179-492AF974BC85}"
EndProject
Project("{9A19103F-16F7-4668-BE54-9A1E7A4F7556}") = "Wise.goodREST.Extensions.SwaggerExtension.Tests", "test\Extensions\Wise.goodREST.Extensions.SwaggerExtension.Tests\Wise.goodREST.Extensions.SwaggerExtension.Tests.csproj", "{2D3A4FDA-A82D-4EF9-92A0-8770D6B083BF}"
EndProject
Project("{2150E333-8FDC-42A3-9474-1A3956D46DE8}") = "Wise.Erp", "Wise.Erp", "{A16F6415-9D76-4BEF-BE50-0591494FC470}"
EndProject
Project("{9A19103F-16F7-4668-BE54-9A1E7A4F7556}") = "Wise.Erp.Core.DataModel", "Wise.Erp\Wise.Erp.Core.DataModel\Wise.Erp.Core.DataModel.csproj", "{4D20003D-2001-45D4-8C64-75ADF9CD1A75}"
EndProject
Project("{9A19103F-16F7-4668-BE54-9A1E7A4F7556}") = "Wise.Erp.Core.Services", "Wise.Erp\Wise.Erp.Core.Services\Wise.Erp.Core.Services.csproj", "{9680E29E-3A51-434B-97A5-57D16E60F3B0}"
EndProject
Project("{9A19103F-16F7-4668-BE54-9A1E7A4F7556}") = "Wise.Erp.Core.Web", "Wise.Erp\Wise.Erp.Core.Web\Wise.Erp.Core.Web.csproj", "{74296B03-4995-48C5-A4CE-7AFD745A1072}"
EndProject
Project("{00D1A9C2-B5F0-4AF3-8072-F6C62B433612}") = "Wise.Erp.Core.Database", "Wise.Erp\Wise.Erp.Core.Database\Wise.Erp.Core.Database.sqlproj", "{A6E4886F-CC2F-40FD-8931-27AC6BFAAB36}"
EndProject
Project("{2150E333-8FDC-42A3-9474-1A3956D46DE8}") = "IntegrationTests", "IntegrationTests", "{5D22C34B-B9F2-4127-9EC3-E10692FD1386}"
EndProject
Project("{FAE04EC0-301F-11D3-BF4B-00C04F79EFBC}") = "Wise.Erp.Core.IntegrationTests", "Wise.Erp.Core.IntegrationTests\Wise.Erp.Core.IntegrationTests.csproj", "{E0C184F3-FACC-436A-848E-1ACBF16E59EE}"
EndProject
Global
	GlobalSection(SolutionConfigurationPlatforms) = preSolution
		Debug|Any CPU = Debug|Any CPU
		Release|Any CPU = Release|Any CPU
	EndGlobalSection
	GlobalSection(ProjectConfigurationPlatforms) = postSolution
		{AA5539A4-560D-46C5-8459-A32580FCF392}.Debug|Any CPU.ActiveCfg = Debug|Any CPU
		{AA5539A4-560D-46C5-8459-A32580FCF392}.Debug|Any CPU.Build.0 = Debug|Any CPU
		{AA5539A4-560D-46C5-8459-A32580FCF392}.Release|Any CPU.ActiveCfg = Release|Any CPU
		{AA5539A4-560D-46C5-8459-A32580FCF392}.Release|Any CPU.Build.0 = Release|Any CPU
		{5673835E-970A-43BE-BA41-351222BD5551}.Debug|Any CPU.ActiveCfg = Debug|Any CPU
		{5673835E-970A-43BE-BA41-351222BD5551}.Debug|Any CPU.Build.0 = Debug|Any CPU
		{5673835E-970A-43BE-BA41-351222BD5551}.Release|Any CPU.ActiveCfg = Release|Any CPU
		{5673835E-970A-43BE-BA41-351222BD5551}.Release|Any CPU.Build.0 = Release|Any CPU
		{DEEB8AB9-13F7-44B6-84D5-C84EF7A8D3D4}.Debug|Any CPU.ActiveCfg = Debug|Any CPU
		{DEEB8AB9-13F7-44B6-84D5-C84EF7A8D3D4}.Debug|Any CPU.Build.0 = Debug|Any CPU
		{DEEB8AB9-13F7-44B6-84D5-C84EF7A8D3D4}.Release|Any CPU.ActiveCfg = Release|Any CPU
		{DEEB8AB9-13F7-44B6-84D5-C84EF7A8D3D4}.Release|Any CPU.Build.0 = Release|Any CPU
		{B7D503C3-4288-46FE-A7CC-2AA88790225E}.Debug|Any CPU.ActiveCfg = Debug|Any CPU
		{B7D503C3-4288-46FE-A7CC-2AA88790225E}.Debug|Any CPU.Build.0 = Debug|Any CPU
		{B7D503C3-4288-46FE-A7CC-2AA88790225E}.Release|Any CPU.ActiveCfg = Release|Any CPU
		{B7D503C3-4288-46FE-A7CC-2AA88790225E}.Release|Any CPU.Build.0 = Release|Any CPU
		{7808B14A-09A9-4C2D-99E2-AC7A95ADBF26}.Debug|Any CPU.ActiveCfg = Debug|Any CPU
		{7808B14A-09A9-4C2D-99E2-AC7A95ADBF26}.Debug|Any CPU.Build.0 = Debug|Any CPU
		{7808B14A-09A9-4C2D-99E2-AC7A95ADBF26}.Release|Any CPU.ActiveCfg = Release|Any CPU
		{7808B14A-09A9-4C2D-99E2-AC7A95ADBF26}.Release|Any CPU.Build.0 = Release|Any CPU
		{1A067C0E-7242-422D-8654-AA7EB924608C}.Debug|Any CPU.ActiveCfg = Debug|Any CPU
		{1A067C0E-7242-422D-8654-AA7EB924608C}.Debug|Any CPU.Build.0 = Debug|Any CPU
		{1A067C0E-7242-422D-8654-AA7EB924608C}.Release|Any CPU.ActiveCfg = Release|Any CPU
		{1A067C0E-7242-422D-8654-AA7EB924608C}.Release|Any CPU.Build.0 = Release|Any CPU
		{F5B0A533-46A1-4702-8179-492AF974BC85}.Debug|Any CPU.ActiveCfg = Debug|Any CPU
		{F5B0A533-46A1-4702-8179-492AF974BC85}.Debug|Any CPU.Build.0 = Debug|Any CPU
		{F5B0A533-46A1-4702-8179-492AF974BC85}.Release|Any CPU.ActiveCfg = Release|Any CPU
		{F5B0A533-46A1-4702-8179-492AF974BC85}.Release|Any CPU.Build.0 = Release|Any CPU
		{2D3A4FDA-A82D-4EF9-92A0-8770D6B083BF}.Debug|Any CPU.ActiveCfg = Debug|Any CPU
		{2D3A4FDA-A82D-4EF9-92A0-8770D6B083BF}.Debug|Any CPU.Build.0 = Debug|Any CPU
		{2D3A4FDA-A82D-4EF9-92A0-8770D6B083BF}.Release|Any CPU.ActiveCfg = Release|Any CPU
		{2D3A4FDA-A82D-4EF9-92A0-8770D6B083BF}.Release|Any CPU.Build.0 = Release|Any CPU
		{4D20003D-2001-45D4-8C64-75ADF9CD1A75}.Debug|Any CPU.ActiveCfg = Debug|Any CPU
		{4D20003D-2001-45D4-8C64-75ADF9CD1A75}.Debug|Any CPU.Build.0 = Debug|Any CPU
		{4D20003D-2001-45D4-8C64-75ADF9CD1A75}.Release|Any CPU.ActiveCfg = Release|Any CPU
		{4D20003D-2001-45D4-8C64-75ADF9CD1A75}.Release|Any CPU.Build.0 = Release|Any CPU
		{9680E29E-3A51-434B-97A5-57D16E60F3B0}.Debug|Any CPU.ActiveCfg = Debug|Any CPU
		{9680E29E-3A51-434B-97A5-57D16E60F3B0}.Debug|Any CPU.Build.0 = Debug|Any CPU
		{9680E29E-3A51-434B-97A5-57D16E60F3B0}.Release|Any CPU.ActiveCfg = Release|Any CPU
		{9680E29E-3A51-434B-97A5-57D16E60F3B0}.Release|Any CPU.Build.0 = Release|Any CPU
		{74296B03-4995-48C5-A4CE-7AFD745A1072}.Debug|Any CPU.ActiveCfg = Debug|Any CPU
		{74296B03-4995-48C5-A4CE-7AFD745A1072}.Debug|Any CPU.Build.0 = Debug|Any CPU
		{74296B03-4995-48C5-A4CE-7AFD745A1072}.Release|Any CPU.ActiveCfg = Release|Any CPU
		{74296B03-4995-48C5-A4CE-7AFD745A1072}.Release|Any CPU.Build.0 = Release|Any CPU
		{A6E4886F-CC2F-40FD-8931-27AC6BFAAB36}.Debug|Any CPU.ActiveCfg = Debug|Any CPU
		{A6E4886F-CC2F-40FD-8931-27AC6BFAAB36}.Debug|Any CPU.Build.0 = Debug|Any CPU
		{A6E4886F-CC2F-40FD-8931-27AC6BFAAB36}.Debug|Any CPU.Deploy.0 = Debug|Any CPU
		{A6E4886F-CC2F-40FD-8931-27AC6BFAAB36}.Release|Any CPU.ActiveCfg = Release|Any CPU
		{A6E4886F-CC2F-40FD-8931-27AC6BFAAB36}.Release|Any CPU.Build.0 = Release|Any CPU
		{A6E4886F-CC2F-40FD-8931-27AC6BFAAB36}.Release|Any CPU.Deploy.0 = Release|Any CPU
		{E0C184F3-FACC-436A-848E-1ACBF16E59EE}.Debug|Any CPU.ActiveCfg = Debug|Any CPU
		{E0C184F3-FACC-436A-848E-1ACBF16E59EE}.Debug|Any CPU.Build.0 = Debug|Any CPU
		{E0C184F3-FACC-436A-848E-1ACBF16E59EE}.Release|Any CPU.ActiveCfg = Release|Any CPU
		{E0C184F3-FACC-436A-848E-1ACBF16E59EE}.Release|Any CPU.Build.0 = Release|Any CPU
	EndGlobalSection
	GlobalSection(SolutionProperties) = preSolution
		HideSolutionNode = FALSE
	EndGlobalSection
	GlobalSection(NestedProjects) = preSolution
		{C57FC224-AEBD-4F0C-985D-060868CA8073} = {7894F9E8-594E-46E5-A05D-C60A4E5C0EDB}
		{E124EA4B-5E7A-4674-8D44-CBB763B2350E} = {C66D8B82-1EEE-400A-BF21-25B6C7E35405}
		{AA5539A4-560D-46C5-8459-A32580FCF392} = {7894F9E8-594E-46E5-A05D-C60A4E5C0EDB}
		{5673835E-970A-43BE-BA41-351222BD5551} = {C66D8B82-1EEE-400A-BF21-25B6C7E35405}
		{DEEB8AB9-13F7-44B6-84D5-C84EF7A8D3D4} = {7894F9E8-594E-46E5-A05D-C60A4E5C0EDB}
		{B7D503C3-4288-46FE-A7CC-2AA88790225E} = {C66D8B82-1EEE-400A-BF21-25B6C7E35405}
		{7808B14A-09A9-4C2D-99E2-AC7A95ADBF26} = {C66D8B82-1EEE-400A-BF21-25B6C7E35405}
		{1A067C0E-7242-422D-8654-AA7EB924608C} = {C66D8B82-1EEE-400A-BF21-25B6C7E35405}
		{F5B0A533-46A1-4702-8179-492AF974BC85} = {C57FC224-AEBD-4F0C-985D-060868CA8073}
		{2D3A4FDA-A82D-4EF9-92A0-8770D6B083BF} = {E124EA4B-5E7A-4674-8D44-CBB763B2350E}
		{4D20003D-2001-45D4-8C64-75ADF9CD1A75} = {A16F6415-9D76-4BEF-BE50-0591494FC470}
		{9680E29E-3A51-434B-97A5-57D16E60F3B0} = {A16F6415-9D76-4BEF-BE50-0591494FC470}
		{74296B03-4995-48C5-A4CE-7AFD745A1072} = {A16F6415-9D76-4BEF-BE50-0591494FC470}
		{A6E4886F-CC2F-40FD-8931-27AC6BFAAB36} = {A16F6415-9D76-4BEF-BE50-0591494FC470}
		{5D22C34B-B9F2-4127-9EC3-E10692FD1386} = {C66D8B82-1EEE-400A-BF21-25B6C7E35405}
		{E0C184F3-FACC-436A-848E-1ACBF16E59EE} = {5D22C34B-B9F2-4127-9EC3-E10692FD1386}
	EndGlobalSection
EndGlobal
