
Microsoft Visual Studio Solution File, Format Version 12.00
# Visual Studio 14
VisualStudioVersion = 14.0.25420.1
MinimumVisualStudioVersion = 10.0.40219.1
Project("{2150E333-8FDC-42A3-9474-1A3956D46DE8}") = "src", "src", "{7894F9E8-594E-46E5-A05D-C60A4E5C0EDB}"
EndProject
Project("{2150E333-8FDC-42A3-9474-1A3956D46DE8}") = "Solution Items", "Solution Items", "{4FF508FB-2F34-4F1E-9C44-505C5926C7B9}"
	ProjectSection(SolutionItems) = preProject
		global.json = global.json
	EndProjectSection
EndProject
Project("{8BB2217D-0F2D-49D1-97BC-3654ED321F3B}") = "Wise.goodREST.Core", "src\Wise.goodREST.Core\Wise.goodREST.Core.xproj", "{AA5539A4-560D-46C5-8459-A32580FCF392}"
EndProject
Project("{2150E333-8FDC-42A3-9474-1A3956D46DE8}") = "tests", "tests", "{C66D8B82-1EEE-400A-BF21-25B6C7E35405}"
EndProject
Project("{8BB2217D-0F2D-49D1-97BC-3654ED321F3B}") = "Wise.goodREST.Core.Tests", "test\Wise.goodREST.Core.Tests\Wise.goodREST.Core.Tests.xproj", "{5673835E-970A-43BE-BA41-351222BD5551}"
EndProject
Project("{8BB2217D-0F2D-49D1-97BC-3654ED321F3B}") = "Wise.goodREST.Middleware", "src\Wise.goodREST.Middleware\Wise.goodREST.Middleware.xproj", "{DEEB8AB9-13F7-44B6-84D5-C84EF7A8D3D4}"
EndProject
Project("{8BB2217D-0F2D-49D1-97BC-3654ED321F3B}") = "Wise.goodREST.Core.Web", "test\Wise.goodREST.Core.Web\Wise.goodREST.Core.Web.xproj", "{B7D503C3-4288-46FE-A7CC-2AA88790225E}"
EndProject
Project("{8BB2217D-0F2D-49D1-97BC-3654ED321F3B}") = "Wise.goodREST.Core.Test.DataModel", "test\Wise.goodREST.Core.Test.DataModel\Wise.goodREST.Core.Test.DataModel.xproj", "{7808B14A-09A9-4C2D-99E2-AC7A95ADBF26}"
EndProject
Global
	GlobalSection(SolutionConfigurationPlatforms) = preSolution
		Debug|Any CPU = Debug|Any CPU
		Release|Any CPU = Release|Any CPU
	EndGlobalSection
	GlobalSection(ProjectConfigurationPlatforms) = postSolution
		{AA5539A4-560D-46C5-8459-A32580FCF392}.Debug|Any CPU.ActiveCfg = Debug|Any CPU
		{AA5539A4-560D-46C5-8459-A32580FCF392}.Debug|Any CPU.Build.0 = Debug|Any CPU
		{AA5539A4-560D-46C5-8459-A32580FCF392}.Release|Any CPU.ActiveCfg = Release|Any CPU
		{AA5539A4-560D-46C5-8459-A32580FCF392}.Release|Any CPU.Build.0 = Release|Any CPU
		{5673835E-970A-43BE-BA41-351222BD5551}.Debug|Any CPU.ActiveCfg = Debug|Any CPU
		{5673835E-970A-43BE-BA41-351222BD5551}.Debug|Any CPU.Build.0 = Debug|Any CPU
		{5673835E-970A-43BE-BA41-351222BD5551}.Release|Any CPU.ActiveCfg = Release|Any CPU
		{5673835E-970A-43BE-BA41-351222BD5551}.Release|Any CPU.Build.0 = Release|Any CPU
		{DEEB8AB9-13F7-44B6-84D5-C84EF7A8D3D4}.Debug|Any CPU.ActiveCfg = Debug|Any CPU
		{DEEB8AB9-13F7-44B6-84D5-C84EF7A8D3D4}.Debug|Any CPU.Build.0 = Debug|Any CPU
		{DEEB8AB9-13F7-44B6-84D5-C84EF7A8D3D4}.Release|Any CPU.ActiveCfg = Release|Any CPU
		{DEEB8AB9-13F7-44B6-84D5-C84EF7A8D3D4}.Release|Any CPU.Build.0 = Release|Any CPU
		{B7D503C3-4288-46FE-A7CC-2AA88790225E}.Debug|Any CPU.ActiveCfg = Debug|Any CPU
		{B7D503C3-4288-46FE-A7CC-2AA88790225E}.Debug|Any CPU.Build.0 = Debug|Any CPU
		{B7D503C3-4288-46FE-A7CC-2AA88790225E}.Release|Any CPU.ActiveCfg = Release|Any CPU
		{B7D503C3-4288-46FE-A7CC-2AA88790225E}.Release|Any CPU.Build.0 = Release|Any CPU
		{7808B14A-09A9-4C2D-99E2-AC7A95ADBF26}.Debug|Any CPU.ActiveCfg = Debug|Any CPU
		{7808B14A-09A9-4C2D-99E2-AC7A95ADBF26}.Debug|Any CPU.Build.0 = Debug|Any CPU
		{7808B14A-09A9-4C2D-99E2-AC7A95ADBF26}.Release|Any CPU.ActiveCfg = Release|Any CPU
		{7808B14A-09A9-4C2D-99E2-AC7A95ADBF26}.Release|Any CPU.Build.0 = Release|Any CPU
	EndGlobalSection
	GlobalSection(SolutionProperties) = preSolution
		HideSolutionNode = FALSE
	EndGlobalSection
	GlobalSection(NestedProjects) = preSolution
		{AA5539A4-560D-46C5-8459-A32580FCF392} = {7894F9E8-594E-46E5-A05D-C60A4E5C0EDB}
		{5673835E-970A-43BE-BA41-351222BD5551} = {C66D8B82-1EEE-400A-BF21-25B6C7E35405}
		{DEEB8AB9-13F7-44B6-84D5-C84EF7A8D3D4} = {7894F9E8-594E-46E5-A05D-C60A4E5C0EDB}
		{B7D503C3-4288-46FE-A7CC-2AA88790225E} = {C66D8B82-1EEE-400A-BF21-25B6C7E35405}
		{7808B14A-09A9-4C2D-99E2-AC7A95ADBF26} = {C66D8B82-1EEE-400A-BF21-25B6C7E35405}
	EndGlobalSection
EndGlobal
